
Microsoft Visual Studio Solution File, Format Version 12.00
# Visual Studio Version 18
VisualStudioVersion = 18.1.11304.174 d18.0
MinimumVisualStudioVersion = 10.0.40219.1
Project("{FAE04EC0-301F-11D3-BF4B-00C04F79EFBC}") = "DocumentNumberApi", "DocumentNumberApi\DocumentNumberApi.csproj", "{AA6727C1-52F4-4947-A39A-147EA79F8421}"
EndProject
Project("{FAE04EC0-301F-11D3-BF4B-00C04F79EFBC}") = "DocumentManagerWPF", "DocumentManagerWPF\DocumentManagerWPF.csproj", "{FF4E2223-D716-41E8-9FA1-3EBED6190FF0}"
EndProject
Global
	GlobalSection(SolutionConfigurationPlatforms) = preSolution
		Debug|Any CPU = Debug|Any CPU
		Debug|x64 = Debug|x64
		Debug|x86 = Debug|x86
		Release|Any CPU = Release|Any CPU
		Release|x64 = Release|x64
		Release|x86 = Release|x86
	EndGlobalSection
	GlobalSection(ProjectConfigurationPlatforms) = postSolution
		{AA6727C1-52F4-4947-A39A-147EA79F8421}.Debug|Any CPU.ActiveCfg = Debug|Any CPU
		{AA6727C1-52F4-4947-A39A-147EA79F8421}.Debug|Any CPU.Build.0 = Debug|Any CPU
		{AA6727C1-52F4-4947-A39A-147EA79F8421}.Debug|x64.ActiveCfg = Debug|Any CPU
		{AA6727C1-52F4-4947-A39A-147EA79F8421}.Debug|x64.Build.0 = Debug|Any CPU
		{AA6727C1-52F4-4947-A39A-147EA79F8421}.Debug|x86.ActiveCfg = Debug|Any CPU
		{AA6727C1-52F4-4947-A39A-147EA79F8421}.Debug|x86.Build.0 = Debug|Any CPU
		{AA6727C1-52F4-4947-A39A-147EA79F8421}.Release|Any CPU.ActiveCfg = Release|Any CPU
		{AA6727C1-52F4-4947-A39A-147EA79F8421}.Release|Any CPU.Build.0 = Release|Any CPU
		{AA6727C1-52F4-4947-A39A-147EA79F8421}.Release|x64.ActiveCfg = Release|Any CPU
		{AA6727C1-52F4-4947-A39A-147EA79F8421}.Release|x64.Build.0 = Release|Any CPU
		{AA6727C1-52F4-4947-A39A-147EA79F8421}.Release|x86.ActiveCfg = Release|Any CPU
		{AA6727C1-52F4-4947-A39A-147EA79F8421}.Release|x86.Build.0 = Release|Any CPU
		{FF4E2223-D716-41E8-9FA1-3EBED6190FF0}.Debug|Any CPU.ActiveCfg = Debug|Any CPU
		{FF4E2223-D716-41E8-9FA1-3EBED6190FF0}.Debug|Any CPU.Build.0 = Debug|Any CPU
		{FF4E2223-D716-41E8-9FA1-3EBED6190FF0}.Debug|x64.ActiveCfg = Debug|Any CPU
		{FF4E2223-D716-41E8-9FA1-3EBED6190FF0}.Debug|x64.Build.0 = Debug|Any CPU
		{FF4E2223-D716-41E8-9FA1-3EBED6190FF0}.Debug|x86.ActiveCfg = Debug|Any CPU
		{FF4E2223-D716-41E8-9FA1-3EBED6190FF0}.Debug|x86.Build.0 = Debug|Any CPU
		{FF4E2223-D716-41E8-9FA1-3EBED6190FF0}.Release|Any CPU.ActiveCfg = Release|Any CPU
		{FF4E2223-D716-41E8-9FA1-3EBED6190FF0}.Release|Any CPU.Build.0 = Release|Any CPU
		{FF4E2223-D716-41E8-9FA1-3EBED6190FF0}.Release|x64.ActiveCfg = Release|Any CPU
		{FF4E2223-D716-41E8-9FA1-3EBED6190FF0}.Release|x64.Build.0 = Release|Any CPU
		{FF4E2223-D716-41E8-9FA1-3EBED6190FF0}.Release|x86.ActiveCfg = Release|Any CPU
		{FF4E2223-D716-41E8-9FA1-3EBED6190FF0}.Release|x86.Build.0 = Release|Any CPU
	EndGlobalSection
	GlobalSection(SolutionProperties) = preSolution
		HideSolutionNode = FALSE
	EndGlobalSection
EndGlobal
